
Microsoft Visual Studio Solution File, Format Version 12.00
# Visual Studio Version 17
VisualStudioVersion = 17.3.32811.315
MinimumVisualStudioVersion = 10.0.40219.1
Project("{FAE04EC0-301F-11D3-BF4B-00C04F79EFBC}") = "MathLib", "MathLib\MathLib.csproj", "{D4B34A1F-D793-461A-B89E-DD6745F374FC}"
EndProject
Global
	GlobalSection(SolutionConfigurationPlatforms) = preSolution
		Debug|Any CPU = Debug|Any CPU
		Release|Any CPU = Release|Any CPU
	EndGlobalSection
	GlobalSection(ProjectConfigurationPlatforms) = postSolution
		{D4B34A1F-D793-461A-B89E-DD6745F374FC}.Debug|Any CPU.ActiveCfg = Debug|Any CPU
		{D4B34A1F-D793-461A-B89E-DD6745F374FC}.Debug|Any CPU.Build.0 = Debug|Any CPU
		{D4B34A1F-D793-461A-B89E-DD6745F374FC}.Release|Any CPU.ActiveCfg = Release|Any CPU
		{D4B34A1F-D793-461A-B89E-DD6745F374FC}.Release|Any CPU.Build.0 = Release|Any CPU
	EndGlobalSection
	GlobalSection(SolutionProperties) = preSolution
		HideSolutionNode = FALSE
	EndGlobalSection
	GlobalSection(ExtensibilityGlobals) = postSolution
		SolutionGuid = {1F0726ED-7C1F-4A1F-BAA7-3077B8BD6B37}
	EndGlobalSection
EndGlobal
