
Microsoft Visual Studio Solution File, Format Version 12.00
# Visual Studio Version 17
VisualStudioVersion = 17.3.32811.315
MinimumVisualStudioVersion = 10.0.40219.1
Project("{FAE04EC0-301F-11D3-BF4B-00C04F79EFBC}") = "AstroMath", "AstroMath\AstroMath.csproj", "{FDBC2247-EFF1-4C56-83D0-1740D61B98E9}"
EndProject
Project("{FAE04EC0-301F-11D3-BF4B-00C04F79EFBC}") = "MathTest", "MathTest\MathTest.csproj", "{4EB6BDB8-50E0-4C64-8896-82CFDFF65325}"
EndProject
Global
	GlobalSection(SolutionConfigurationPlatforms) = preSolution
		Debug|Any CPU = Debug|Any CPU
		Release|Any CPU = Release|Any CPU
	EndGlobalSection
	GlobalSection(ProjectConfigurationPlatforms) = postSolution
		{FDBC2247-EFF1-4C56-83D0-1740D61B98E9}.Debug|Any CPU.ActiveCfg = Debug|Any CPU
		{FDBC2247-EFF1-4C56-83D0-1740D61B98E9}.Debug|Any CPU.Build.0 = Debug|Any CPU
		{FDBC2247-EFF1-4C56-83D0-1740D61B98E9}.Release|Any CPU.ActiveCfg = Release|Any CPU
		{FDBC2247-EFF1-4C56-83D0-1740D61B98E9}.Release|Any CPU.Build.0 = Release|Any CPU
		{4EB6BDB8-50E0-4C64-8896-82CFDFF65325}.Debug|Any CPU.ActiveCfg = Debug|Any CPU
		{4EB6BDB8-50E0-4C64-8896-82CFDFF65325}.Debug|Any CPU.Build.0 = Debug|Any CPU
		{4EB6BDB8-50E0-4C64-8896-82CFDFF65325}.Release|Any CPU.ActiveCfg = Release|Any CPU
		{4EB6BDB8-50E0-4C64-8896-82CFDFF65325}.Release|Any CPU.Build.0 = Release|Any CPU
	EndGlobalSection
	GlobalSection(SolutionProperties) = preSolution
		HideSolutionNode = FALSE
	EndGlobalSection
	GlobalSection(ExtensibilityGlobals) = postSolution
		SolutionGuid = {1F0726ED-7C1F-4A1F-BAA7-3077B8BD6B37}
	EndGlobalSection
EndGlobal
